
Microsoft Visual Studio Solution File, Format Version 12.00
# Visual Studio Version 17
VisualStudioVersion = 17.11.35327.3
MinimumVisualStudioVersion = 10.0.40219.1
Project("{FAE04EC0-301F-11D3-BF4B-00C04F79EFBC}") = "MaxMarks", "MaxMarks\MaxMarks.csproj", "{74CFD460-0480-4E7C-B496-CBB63A39BAD5}"
EndProject
Global
	GlobalSection(SolutionConfigurationPlatforms) = preSolution
		Debug|Any CPU = Debug|Any CPU
		Release|Any CPU = Release|Any CPU
	EndGlobalSection
	GlobalSection(ProjectConfigurationPlatforms) = postSolution
		{74CFD460-0480-4E7C-B496-CBB63A39BAD5}.Debug|Any CPU.ActiveCfg = Debug|Any CPU
		{74CFD460-0480-4E7C-B496-CBB63A39BAD5}.Debug|Any CPU.Build.0 = Debug|Any CPU
		{74CFD460-0480-4E7C-B496-CBB63A39BAD5}.Release|Any CPU.ActiveCfg = Release|Any CPU
		{74CFD460-0480-4E7C-B496-CBB63A39BAD5}.Release|Any CPU.Build.0 = Release|Any CPU
	EndGlobalSection
	GlobalSection(SolutionProperties) = preSolution
		HideSolutionNode = FALSE
	EndGlobalSection
	GlobalSection(ExtensibilityGlobals) = postSolution
		SolutionGuid = {2649B2C5-760A-4DBB-AF2E-3B91AA40BA5C}
	EndGlobalSection
EndGlobal
