
Microsoft Visual Studio Solution File, Format Version 12.00
# Visual Studio Version 17
VisualStudioVersion = 17.11.35327.3
MinimumVisualStudioVersion = 10.0.40219.1
Project("{FAE04EC0-301F-11D3-BF4B-00C04F79EFBC}") = "Datatypes", "Datatypes\Datatypes.csproj", "{E1BC198E-AE04-45A5-852E-C737F60B21EC}"
EndProject
Global
	GlobalSection(SolutionConfigurationPlatforms) = preSolution
		Debug|Any CPU = Debug|Any CPU
		Release|Any CPU = Release|Any CPU
	EndGlobalSection
	GlobalSection(ProjectConfigurationPlatforms) = postSolution
		{E1BC198E-AE04-45A5-852E-C737F60B21EC}.Debug|Any CPU.ActiveCfg = Debug|Any CPU
		{E1BC198E-AE04-45A5-852E-C737F60B21EC}.Debug|Any CPU.Build.0 = Debug|Any CPU
		{E1BC198E-AE04-45A5-852E-C737F60B21EC}.Release|Any CPU.ActiveCfg = Release|Any CPU
		{E1BC198E-AE04-45A5-852E-C737F60B21EC}.Release|Any CPU.Build.0 = Release|Any CPU
	EndGlobalSection
	GlobalSection(SolutionProperties) = preSolution
		HideSolutionNode = FALSE
	EndGlobalSection
	GlobalSection(ExtensibilityGlobals) = postSolution
		SolutionGuid = {E496077A-F662-4956-94E0-CC26840F469E}
	EndGlobalSection
EndGlobal
